
Microsoft Visual Studio Solution File, Format Version 12.00
# Visual Studio 15
VisualStudioVersion = 15.0.26430.16
MinimumVisualStudioVersion = 10.0.40219.1
Project("{2150E333-8FDC-42A3-9474-1A3956D46DE8}") = "Solution Items", "Solution Items", "{6A4B5B83-BFB6-40EE-A717-BAF754F2D100}"
	ProjectSection(SolutionItems) = preProject
		theeyeaddon.lua = theeyeaddon.lua
		TheEyeAddon.toc = TheEyeAddon.toc
	EndProjectSection
EndProject
Project("{2150E333-8FDC-42A3-9474-1A3956D46DE8}") = "Classes", "Classes", "{318AED66-D6A7-436B-A167-B96A79E8D7CD}"
EndProject
Project("{2150E333-8FDC-42A3-9474-1A3956D46DE8}") = "UIElements", "UIElements", "{4ED52AE2-1D44-466C-BBFB-390A5C492E02}"
	ProjectSection(SolutionItems) = preProject
		uielementbase.lua = uielementbase.lua
		uielements.lua = uielements.lua
	EndProjectSection
EndProject
Global
	GlobalSection(SolutionProperties) = preSolution
		HideSolutionNode = FALSE
	EndGlobalSection
	GlobalSection(NestedProjects) = preSolution
		{318AED66-D6A7-436B-A167-B96A79E8D7CD} = {6A4B5B83-BFB6-40EE-A717-BAF754F2D100}
		{4ED52AE2-1D44-466C-BBFB-390A5C492E02} = {318AED66-D6A7-436B-A167-B96A79E8D7CD}
	EndGlobalSection
EndGlobal
